// !$*UTF8*$!
{
	archiveVersion = 1;
	classes = {
	};
	objectVersion = 46;
	objects = {

/* Begin PBXBuildFile section */
		540BBAEB1B72FBFE003887A8 /* main.m in Sources */ = {isa = PBXBuildFile; fileRef = 540BBAEA1B72FBFE003887A8 /* main.m */; };
		540BBAEE1B72FBFE003887A8 /* AppDelegate.m in Sources */ = {isa = PBXBuildFile; fileRef = 540BBAED1B72FBFE003887A8 /* AppDelegate.m */; };
		540BBAF11B72FBFE003887A8 /* ViewController.m in Sources */ = {isa = PBXBuildFile; fileRef = 540BBAF01B72FBFE003887A8 /* ViewController.m */; };
		540BBAF41B72FBFE003887A8 /* Main.storyboard in Resources */ = {isa = PBXBuildFile; fileRef = 540BBAF21B72FBFE003887A8 /* Main.storyboard */; };
		540BBAF61B72FBFE003887A8 /* Images.xcassets in Resources */ = {isa = PBXBuildFile; fileRef = 540BBAF51B72FBFE003887A8 /* Images.xcassets */; };
		540BBAF91B72FBFE003887A8 /* LaunchScreen.xib in Resources */ = {isa = PBXBuildFile; fileRef = 540BBAF71B72FBFE003887A8 /* LaunchScreen.xib */; };
		540BBB051B72FBFE003887A8 /* RunloopTests.m in Sources */ = {isa = PBXBuildFile; fileRef = 540BBB041B72FBFE003887A8 /* RunloopTests.m */; };
/* End PBXBuildFile section */

/* Begin PBXContainerItemProxy section */
		540BBAFF1B72FBFE003887A8 /* PBXContainerItemProxy */ = {
			isa = PBXContainerItemProxy;
			containerPortal = 540BBADD1B72FBFE003887A8 /* Project object */;
			proxyType = 1;
			remoteGlobalIDString = 540BBAE41B72FBFE003887A8;
			remoteInfo = Runloop;
		};
/* End PBXContainerItemProxy section */

/* Begin PBXFileReference section */
		540BBAE51B72FBFE003887A8 /* Runloop.app */ = {isa = PBXFileReference; explicitFileType = wrapper.application; includeInIndex = 0; path = Runloop.app; sourceTree = BUILT_PRODUCTS_DIR; };
		540BBAE91B72FBFE003887A8 /* Info.plist */ = {isa = PBXFileReference; lastKnownFileType = text.plist.xml; path = Info.plist; sourceTree = "<group>"; };
		540BBAEA1B72FBFE003887A8 /* main.m */ = {isa = PBXFileReference; lastKnownFileType = sourcecode.c.objc; path = main.m; sourceTree = "<group>"; };
		540BBAEC1B72FBFE003887A8 /* AppDelegate.h */ = {isa = PBXFileReference; lastKnownFileType = sourcecode.c.h; path = AppDelegate.h; sourceTree = "<group>"; };
		540BBAED1B72FBFE003887A8 /* AppDelegate.m */ = {isa = PBXFileReference; lastKnownFileType = sourcecode.c.objc; path = AppDelegate.m; sourceTree = "<group>"; };
		540BBAEF1B72FBFE003887A8 /* ViewController.h */ = {isa = PBXFileReference; lastKnownFileType = sourcecode.c.h; path = ViewController.h; sourceTree = "<group>"; };
		540BBAF01B72FBFE003887A8 /* ViewController.m */ = {isa = PBXFileReference; lastKnownFileType = sourcecode.c.objc; path = ViewController.m; sourceTree = "<group>"; };
		540BBAF31B72FBFE003887A8 /* Base */ = {isa = PBXFileReference; lastKnownFileType = file.storyboard; name = Base; path = Base.lproj/Main.storyboard; sourceTree = "<group>"; };
		540BBAF51B72FBFE003887A8 /* Images.xcassets */ = {isa = PBXFileReference; lastKnownFileType = folder.assetcatalog; path = Images.xcassets; sourceTree = "<group>"; };
		540BBAF81B72FBFE003887A8 /* Base */ = {isa = PBXFileReference; lastKnownFileType = file.xib; name = Base; path = Base.lproj/LaunchScreen.xib; sourceTree = "<group>"; };
		540BBAFE1B72FBFE003887A8 /* RunloopTests.xctest */ = {isa = PBXFileReference; explicitFileType = wrapper.cfbundle; includeInIndex = 0; path = RunloopTests.xctest; sourceTree = BUILT_PRODUCTS_DIR; };
		540BBB031B72FBFE003887A8 /* Info.plist */ = {isa = PBXFileReference; lastKnownFileType = text.plist.xml; path = Info.plist; sourceTree = "<group>"; };
		540BBB041B72FBFE003887A8 /* RunloopTests.m */ = {isa = PBXFileReference; lastKnownFileType = sourcecode.c.objc; path = RunloopTests.m; sourceTree = "<group>"; };
/* End PBXFileReference section */

/* Begin PBXFrameworksBuildPhase section */
		540BBAE21B72FBFE003887A8 /* Frameworks */ = {
			isa = PBXFrameworksBuildPhase;
			buildActionMask = 2147483647;
			files = (
			);
			runOnlyForDeploymentPostprocessing = 0;
		};
		540BBAFB1B72FBFE003887A8 /* Frameworks */ = {
			isa = PBXFrameworksBuildPhase;
			buildActionMask = 2147483647;
			files = (
			);
			runOnlyForDeploymentPostprocessing = 0;
		};
/* End PBXFrameworksBuildPhase section */

/* Begin PBXGroup section */
		540BBADC1B72FBFE003887A8 = {
			isa = PBXGroup;
			children = (
				540BBAE71B72FBFE003887A8 /* Runloop */,
				540BBB011B72FBFE003887A8 /* RunloopTests */,
				540BBAE61B72FBFE003887A8 /* Products */,
			);
			sourceTree = "<group>";
		};
		540BBAE61B72FBFE003887A8 /* Products */ = {
			isa = PBXGroup;
			children = (
				540BBAE51B72FBFE003887A8 /* Runloop.app */,
				540BBAFE1B72FBFE003887A8 /* RunloopTests.xctest */,
			);
			name = Products;
			sourceTree = "<group>";
		};
		540BBAE71B72FBFE003887A8 /* Runloop */ = {
			isa = PBXGroup;
			children = (
				540BBAEC1B72FBFE003887A8 /* AppDelegate.h */,
				540BBAED1B72FBFE003887A8 /* AppDelegate.m */,
				540BBAEF1B72FBFE003887A8 /* ViewController.h */,
				540BBAF01B72FBFE003887A8 /* ViewController.m */,
				540BBAF21B72FBFE003887A8 /* Main.storyboard */,
				540BBAF51B72FBFE003887A8 /* Images.xcassets */,
				540BBAF71B72FBFE003887A8 /* LaunchScreen.xib */,
				540BBAE81B72FBFE003887A8 /* Supporting Files */,
			);
			path = Runloop;
			sourceTree = "<group>";
		};
		540BBAE81B72FBFE003887A8 /* Supporting Files */ = {
			isa = PBXGroup;
			children = (
				540BBAE91B72FBFE003887A8 /* Info.plist */,
				540BBAEA1B72FBFE003887A8 /* main.m */,
			);
			name = "Supporting Files";
			sourceTree = "<group>";
		};
		540BBB011B72FBFE003887A8 /* RunloopTests */ = {
			isa = PBXGroup;
			children = (
				540BBB041B72FBFE003887A8 /* RunloopTests.m */,
				540BBB021B72FBFE003887A8 /* Supporting Files */,
			);
			path = RunloopTests;
			sourceTree = "<group>";
		};
		540BBB021B72FBFE003887A8 /* Supporting Files */ = {
			isa = PBXGroup;
			children = (
				540BBB031B72FBFE003887A8 /* Info.plist */,
			);
			name = "Supporting Files";
			sourceTree = "<group>";
		};
/* End PBXGroup section */

/* Begin PBXNativeTarget section */
		540BBAE41B72FBFE003887A8 /* Runloop */ = {
			isa = PBXNativeTarget;
			buildConfigurationList = 540BBB081B72FBFE003887A8 /* Build configuration list for PBXNativeTarget "Runloop" */;
			buildPhases = (
				540BBAE11B72FBFE003887A8 /* Sources */,
				540BBAE21B72FBFE003887A8 /* Frameworks */,
				540BBAE31B72FBFE003887A8 /* Resources */,
			);
			buildRules = (
			);
			dependencies = (
			);
			name = Runloop;
			productName = Runloop;
			productReference = 540BBAE51B72FBFE003887A8 /* Runloop.app */;
			productType = "com.apple.product-type.application";
		};
		540BBAFD1B72FBFE003887A8 /* RunloopTests */ = {
			isa = PBXNativeTarget;
			buildConfigurationList = 540BBB0B1B72FBFE003887A8 /* Build configuration list for PBXNativeTarget "RunloopTests" */;
			buildPhases = (
				540BBAFA1B72FBFE003887A8 /* Sources */,
				540BBAFB1B72FBFE003887A8 /* Frameworks */,
				540BBAFC1B72FBFE003887A8 /* Resources */,
			);
			buildRules = (
			);
			dependencies = (
				540BBB001B72FBFE003887A8 /* PBXTargetDependency */,
			);
			name = RunloopTests;
			productName = RunloopTests;
			productReference = 540BBAFE1B72FBFE003887A8 /* RunloopTests.xctest */;
			productType = "com.apple.product-type.bundle.unit-test";
		};
/* End PBXNativeTarget section */

/* Begin PBXProject section */
		540BBADD1B72FBFE003887A8 /* Project object */ = {
			isa = PBXProject;
			attributes = {
				LastUpgradeCheck = 0640;
				ORGANIZATIONNAME = liupeng;
				TargetAttributes = {
					540BBAE41B72FBFE003887A8 = {
						CreatedOnToolsVersion = 6.4;
					};
					540BBAFD1B72FBFE003887A8 = {
						CreatedOnToolsVersion = 6.4;
						TestTargetID = 540BBAE41B72FBFE003887A8;
					};
				};
			};
			buildConfigurationList = 540BBAE01B72FBFE003887A8 /* Build configuration list for PBXProject "Runloop" */;
			compatibilityVersion = "Xcode 3.2";
			developmentRegion = English;
			hasScannedForEncodings = 0;
			knownRegions = (
				en,
				Base,
			);
			mainGroup = 540BBADC1B72FBFE003887A8;
			productRefGroup = 540BBAE61B72FBFE003887A8 /* Products */;
			projectDirPath = "";
			projectRoot = "";
			targets = (
				540BBAE41B72FBFE003887A8 /* Runloop */,
				540BBAFD1B72FBFE003887A8 /* RunloopTests */,
			);
		};
/* End PBXProject section */

/* Begin PBXResourcesBuildPhase section */
		540BBAE31B72FBFE003887A8 /* Resources */ = {
			isa = PBXResourcesBuildPhase;
			buildActionMask = 2147483647;
			files = (
				540BBAF41B72FBFE003887A8 /* Main.storyboard in Resources */,
				540BBAF91B72FBFE003887A8 /* LaunchScreen.xib in Resources */,
				540BBAF61B72FBFE003887A8 /* Images.xcassets in Resources */,
			);
			runOnlyForDeploymentPostprocessing = 0;
		};
		540BBAFC1B72FBFE003887A8 /* Resources */ = {
			isa = PBXResourcesBuildPhase;
			buildActionMask = 2147483647;
			files = (
			);
			runOnlyForDeploymentPostprocessing = 0;
		};
/* End PBXResourcesBuildPhase section */

/* Begin PBXSourcesBuildPhase section */
		540BBAE11B72FBFE003887A8 /* Sources */ = {
			isa = PBXSourcesBuildPhase;
			buildActionMask = 2147483647;
			files = (
				540BBAF11B72FBFE003887A8 /* ViewController.m in Sources */,
				540BBAEE1B72FBFE003887A8 /* AppDelegate.m in Sources */,
				540BBAEB1B72FBFE003887A8 /* main.m in Sources */,
			);
			runOnlyForDeploymentPostprocessing = 0;
		};
		540BBAFA1B72FBFE003887A8 /* Sources */ = {
			isa = PBXSourcesBuildPhase;
			buildActionMask = 2147483647;
			files = (
				540BBB051B72FBFE003887A8 /* RunloopTests.m in Sources */,
			);
			runOnlyForDeploymentPostprocessing = 0;
		};
/* End PBXSourcesBuildPhase section */

/* Begin PBXTargetDependency section */
		540BBB001B72FBFE003887A8 /* PBXTargetDependency */ = {
			isa = PBXTargetDependency;
			target = 540BBAE41B72FBFE003887A8 /* Runloop */;
			targetProxy = 540BBAFF1B72FBFE003887A8 /* PBXContainerItemProxy */;
		};
/* End PBXTargetDependency section */

/* Begin PBXVariantGroup section */
		540BBAF21B72FBFE003887A8 /* Main.storyboard */ = {
			isa = PBXVariantGroup;
			children = (
				540BBAF31B72FBFE003887A8 /* Base */,
			);
			name = Main.storyboard;
			sourceTree = "<group>";
		};
		540BBAF71B72FBFE003887A8 /* LaunchScreen.xib */ = {
			isa = PBXVariantGroup;
			children = (
				540BBAF81B72FBFE003887A8 /* Base */,
			);
			name = LaunchScreen.xib;
			sourceTree = "<group>";
		};
/* End PBXVariantGroup section */

/* Begin XCBuildConfiguration section */
		540BBB061B72FBFE003887A8 /* Debug */ = {
			isa = XCBuildConfiguration;
			buildSettings = {
				ALWAYS_SEARCH_USER_PATHS = NO;
				CLANG_CXX_LANGUAGE_STANDARD = "gnu++0x";
				CLANG_CXX_LIBRARY = "libc++";
				CLANG_ENABLE_MODULES = YES;
				CLANG_ENABLE_OBJC_ARC = YES;
				CLANG_WARN_BOOL_CONVERSION = YES;
				CLANG_WARN_CONSTANT_CONVERSION = YES;
				CLANG_WARN_DIRECT_OBJC_ISA_USAGE = YES_ERROR;
				CLANG_WARN_EMPTY_BODY = YES;
				CLANG_WARN_ENUM_CONVERSION = YES;
				CLANG_WARN_INT_CONVERSION = YES;
				CLANG_WARN_OBJC_ROOT_CLASS = YES_ERROR;
				CLANG_WARN_UNREACHABLE_CODE = YES;
				CLANG_WARN__DUPLICATE_METHOD_MATCH = YES;
				"CODE_SIGN_IDENTITY[sdk=iphoneos*]" = "iPhone Developer";
				COPY_PHASE_STRIP = NO;
				DEBUG_INFORMATION_FORMAT = "dwarf-with-dsym";
				ENABLE_STRICT_OBJC_MSGSEND = YES;
				GCC_C_LANGUAGE_STANDARD = gnu99;
				GCC_DYNAMIC_NO_PIC = NO;
				GCC_NO_COMMON_BLOCKS = YES;
				GCC_OPTIMIZATION_LEVEL = 0;
				GCC_PREPROCESSOR_DEFINITIONS = (
					"DEBUG=1",
					"$(inherited)",
				);
				GCC_SYMBOLS_PRIVATE_EXTERN = NO;
				GCC_WARN_64_TO_32_BIT_CONVERSION = YES;
				GCC_WARN_ABOUT_RETURN_TYPE = YES_ERROR;
				GCC_WARN_UNDECLARED_SELECTOR = YES;
				GCC_WARN_UNINITIALIZED_AUTOS = YES_AGGRESSIVE;
				GCC_WARN_UNUSED_FUNCTION = YES;
				GCC_WARN_UNUSED_VARIABLE = YES;
				IPHONEOS_DEPLOYMENT_TARGET = 8.4;
				MTL_ENABLE_DEBUG_INFO = YES;
				ONLY_ACTIVE_ARCH = YES;
				SDKROOT = iphoneos;
				TARGETED_DEVICE_FAMILY = "1,2";
			};
			name = Debug;
		};
		540BBB071B72FBFE003887A8 /* Release */ = {
			isa = XCBuildConfiguration;
			buildSettings = {
				ALWAYS_SEARCH_USER_PATHS = NO;
				CLANG_CXX_LANGUAGE_STANDARD = "gnu++0x";
				CLANG_CXX_LIBRARY = "libc++";
				CLANG_ENABLE_MODULES = YES;
				CLANG_ENABLE_OBJC_ARC = YES;
				CLANG_WARN_BOOL_CONVERSION = YES;
				CLANG_WARN_CONSTANT_CONVERSION = YES;
				CLANG_WARN_DIRECT_OBJC_ISA_USAGE = YES_ERROR;
				CLANG_WARN_EMPTY_BODY = YES;
				CLANG_WARN_ENUM_CONVERSION = YES;
				CLANG_WARN_INT_CONVERSION = YES;
				CLANG_WARN_OBJC_ROOT_CLASS = YES_ERROR;
				CLANG_WARN_UNREACHABLE_CODE = YES;
				CLANG_WARN__DUPLICATE_METHOD_MATCH = YES;
				"CODE_SIGN_IDENTITY[sdk=iphoneos*]" = "iPhone Developer";
				COPY_PHASE_STRIP = NO;
				DEBUG_INFORMATION_FORMAT = "dwarf-with-dsym";
				ENABLE_NS_ASSERTIONS = NO;
				ENABLE_STRICT_OBJC_MSGSEND = YES;
				GCC_C_LANGUAGE_STANDARD = gnu99;
				GCC_NO_COMMON_BLOCKS = YES;
				GCC_WARN_64_TO_32_BIT_CONVERSION = YES;
				GCC_WARN_ABOUT_RETURN_TYPE = YES_ERROR;
				GCC_WARN_UNDECLARED_SELECTOR = YES;
				GCC_WARN_UNINITIALIZED_AUTOS = YES_AGGRESSIVE;
				GCC_WARN_UNUSED_FUNCTION = YES;
				GCC_WARN_UNUSED_VARIABLE = YES;
				IPHONEOS_DEPLOYMENT_TARGET = 8.4;
				MTL_ENABLE_DEBUG_INFO = NO;
				SDKROOT = iphoneos;
				TARGETED_DEVICE_FAMILY = "1,2";
				VALIDATE_PRODUCT = YES;
			};
			name = Release;
		};
		540BBB091B72FBFE003887A8 /* Debug */ = {
			isa = XCBuildConfiguration;
			buildSettings = {
				ASSETCATALOG_COMPILER_APPICON_NAME = AppIcon;
				INFOPLIST_FILE = Runloop/Info.plist;
				LD_RUNPATH_SEARCH_PATHS = "$(inherited) @executable_path/Frameworks";
				PRODUCT_NAME = "$(TARGET_NAME)";
			};
			name = Debug;
		};
		540BBB0A1B72FBFE003887A8 /* Release */ = {
			isa = XCBuildConfiguration;
			buildSettings = {
				ASSETCATALOG_COMPILER_APPICON_NAME = AppIcon;
				INFOPLIST_FILE = Runloop/Info.plist;
				LD_RUNPATH_SEARCH_PATHS = "$(inherited) @executable_path/Frameworks";
				PRODUCT_NAME = "$(TARGET_NAME)";
			};
			name = Release;
		};
		540BBB0C1B72FBFE003887A8 /* Debug */ = {
			isa = XCBuildConfiguration;
			buildSettings = {
				BUNDLE_LOADER = "$(TEST_HOST)";
				FRAMEWORK_SEARCH_PATHS = (
					"$(SDKROOT)/Developer/Library/Frameworks",
					"$(inherited)",
				);
				GCC_PREPROCESSOR_DEFINITIONS = (
					"DEBUG=1",
					"$(inherited)",
				);
				INFOPLIST_FILE = RunloopTests/Info.plist;
				LD_RUNPATH_SEARCH_PATHS = "$(inherited) @executable_path/Frameworks @loader_path/Frameworks";
				PRODUCT_NAME = "$(TARGET_NAME)";
				TEST_HOST = "$(BUILT_PRODUCTS_DIR)/Runloop.app/Runloop";
			};
			name = Debug;
		};
		540BBB0D1B72FBFE003887A8 /* Release */ = {
			isa = XCBuildConfiguration;
			buildSettings = {
				BUNDLE_LOADER = "$(TEST_HOST)";
				FRAMEWORK_SEARCH_PATHS = (
					"$(SDKROOT)/Developer/Library/Frameworks",
					"$(inherited)",
				);
				INFOPLIST_FILE = RunloopTests/Info.plist;
				LD_RUNPATH_SEARCH_PATHS = "$(inherited) @executable_path/Frameworks @loader_path/Frameworks";
				PRODUCT_NAME = "$(TARGET_NAME)";
				TEST_HOST = "$(BUILT_PRODUCTS_DIR)/Runloop.app/Runloop";
			};
			name = Release;
		};
/* End XCBuildConfiguration section */

/* Begin XCConfigurationList section */
		540BBAE01B72FBFE003887A8 /* Build configuration list for PBXProject "Runloop" */ = {
			isa = XCConfigurationList;
			buildConfigurations = (
				540BBB061B72FBFE003887A8 /* Debug */,
				540BBB071B72FBFE003887A8 /* Release */,
			);
			defaultConfigurationIsVisible = 0;
			defaultConfigurationName = Release;
		};
		540BBB081B72FBFE003887A8 /* Build configuration list for PBXNativeTarget "Runloop" */ = {
			isa = XCConfigurationList;
			buildConfigurations = (
				540BBB091B72FBFE003887A8 /* Debug */,
				540BBB0A1B72FBFE003887A8 /* Release */,
			);
			defaultConfigurationIsVisible = 0;
		};
		540BBB0B1B72FBFE003887A8 /* Build configuration list for PBXNativeTarget "RunloopTests" */ = {
			isa = XCConfigurationList;
			buildConfigurations = (
				540BBB0C1B72FBFE003887A8 /* Debug */,
				540BBB0D1B72FBFE003887A8 /* Release */,
			);
			defaultConfigurationIsVisible = 0;
		};
/* End XCConfigurationList section */
	};
	rootObject = 540BBADD1B72FBFE003887A8 /* Project object */;
}
