// !$*UTF8*$!
{
	archiveVersion = 1;
	classes = {
	};
	objectVersion = 46;
	objects = {

/* Begin PBXBuildFile section */
		549D8DB41B78763200F6BDAD /* main.c in Sources */ = {isa = PBXBuildFile; fileRef = 549D8DB31B78763200F6BDAD /* main.c */; };
		549D8DBC1B78763D00F6BDAD /* file1.c in Sources */ = {isa = PBXBuildFile; fileRef = 549D8DBA1B78763D00F6BDAD /* file1.c */; };
		549D8DBF1B78764500F6BDAD /* file2.c in Sources */ = {isa = PBXBuildFile; fileRef = 549D8DBD1B78764500F6BDAD /* file2.c */; };
/* End PBXBuildFile section */

/* Begin PBXCopyFilesBuildPhase section */
		549D8DAE1B78763200F6BDAD /* CopyFiles */ = {
			isa = PBXCopyFilesBuildPhase;
			buildActionMask = 2147483647;
			dstPath = /usr/share/man/man1/;
			dstSubfolderSpec = 0;
			files = (
			);
			runOnlyForDeploymentPostprocessing = 1;
		};
/* End PBXCopyFilesBuildPhase section */

/* Begin PBXFileReference section */
		549D8DB01B78763200F6BDAD /* BHTest */ = {isa = PBXFileReference; explicitFileType = "compiled.mach-o.executable"; includeInIndex = 0; path = BHTest; sourceTree = BUILT_PRODUCTS_DIR; };
		549D8DB31B78763200F6BDAD /* main.c */ = {isa = PBXFileReference; lastKnownFileType = sourcecode.c.c; path = main.c; sourceTree = "<group>"; };
		549D8DBA1B78763D00F6BDAD /* file1.c */ = {isa = PBXFileReference; fileEncoding = 4; lastKnownFileType = sourcecode.c.c; path = file1.c; sourceTree = "<group>"; };
		549D8DBB1B78763D00F6BDAD /* file1.h */ = {isa = PBXFileReference; fileEncoding = 4; lastKnownFileType = sourcecode.c.h; path = file1.h; sourceTree = "<group>"; };
		549D8DBD1B78764500F6BDAD /* file2.c */ = {isa = PBXFileReference; fileEncoding = 4; lastKnownFileType = sourcecode.c.c; path = file2.c; sourceTree = "<group>"; };
		549D8DBE1B78764500F6BDAD /* file2.h */ = {isa = PBXFileReference; fileEncoding = 4; lastKnownFileType = sourcecode.c.h; path = file2.h; sourceTree = "<group>"; };
/* End PBXFileReference section */

/* Begin PBXFrameworksBuildPhase section */
		549D8DAD1B78763200F6BDAD /* Frameworks */ = {
			isa = PBXFrameworksBuildPhase;
			buildActionMask = 2147483647;
			files = (
			);
			runOnlyForDeploymentPostprocessing = 0;
		};
/* End PBXFrameworksBuildPhase section */

/* Begin PBXGroup section */
		549D8DA71B78763200F6BDAD = {
			isa = PBXGroup;
			children = (
				549D8DB21B78763200F6BDAD /* BHTest */,
				549D8DB11B78763200F6BDAD /* Products */,
			);
			sourceTree = "<group>";
		};
		549D8DB11B78763200F6BDAD /* Products */ = {
			isa = PBXGroup;
			children = (
				549D8DB01B78763200F6BDAD /* BHTest */,
			);
			name = Products;
			sourceTree = "<group>";
		};
		549D8DB21B78763200F6BDAD /* BHTest */ = {
			isa = PBXGroup;
			children = (
				549D8DB31B78763200F6BDAD /* main.c */,
				549D8DBA1B78763D00F6BDAD /* file1.c */,
				549D8DBB1B78763D00F6BDAD /* file1.h */,
				549D8DBD1B78764500F6BDAD /* file2.c */,
				549D8DBE1B78764500F6BDAD /* file2.h */,
			);
			path = BHTest;
			sourceTree = "<group>";
		};
/* End PBXGroup section */

/* Begin PBXNativeTarget section */
		549D8DAF1B78763200F6BDAD /* BHTest */ = {
			isa = PBXNativeTarget;
			buildConfigurationList = 549D8DB71B78763200F6BDAD /* Build configuration list for PBXNativeTarget "BHTest" */;
			buildPhases = (
				549D8DAC1B78763200F6BDAD /* Sources */,
				549D8DAD1B78763200F6BDAD /* Frameworks */,
				549D8DAE1B78763200F6BDAD /* CopyFiles */,
			);
			buildRules = (
			);
			dependencies = (
			);
			name = BHTest;
			productName = BHTest;
			productReference = 549D8DB01B78763200F6BDAD /* BHTest */;
			productType = "com.apple.product-type.tool";
		};
/* End PBXNativeTarget section */

/* Begin PBXProject section */
		549D8DA81B78763200F6BDAD /* Project object */ = {
			isa = PBXProject;
			attributes = {
				LastUpgradeCheck = 0640;
				ORGANIZATIONNAME = liupeng;
				TargetAttributes = {
					549D8DAF1B78763200F6BDAD = {
						CreatedOnToolsVersion = 6.4;
					};
				};
			};
			buildConfigurationList = 549D8DAB1B78763200F6BDAD /* Build configuration list for PBXProject "BHTest" */;
			compatibilityVersion = "Xcode 3.2";
			developmentRegion = English;
			hasScannedForEncodings = 0;
			knownRegions = (
				en,
			);
			mainGroup = 549D8DA71B78763200F6BDAD;
			productRefGroup = 549D8DB11B78763200F6BDAD /* Products */;
			projectDirPath = "";
			projectRoot = "";
			targets = (
				549D8DAF1B78763200F6BDAD /* BHTest */,
			);
		};
/* End PBXProject section */

/* Begin PBXSourcesBuildPhase section */
		549D8DAC1B78763200F6BDAD /* Sources */ = {
			isa = PBXSourcesBuildPhase;
			buildActionMask = 2147483647;
			files = (
				549D8DBF1B78764500F6BDAD /* file2.c in Sources */,
				549D8DB41B78763200F6BDAD /* main.c in Sources */,
				549D8DBC1B78763D00F6BDAD /* file1.c in Sources */,
			);
			runOnlyForDeploymentPostprocessing = 0;
		};
/* End PBXSourcesBuildPhase section */

/* Begin XCBuildConfiguration section */
		549D8DB51B78763200F6BDAD /* Debug */ = {
			isa = XCBuildConfiguration;
			buildSettings = {
				ALWAYS_SEARCH_USER_PATHS = NO;
				CLANG_CXX_LANGUAGE_STANDARD = "gnu++0x";
				CLANG_CXX_LIBRARY = "libc++";
				CLANG_ENABLE_MODULES = YES;
				CLANG_ENABLE_OBJC_ARC = YES;
				CLANG_WARN_BOOL_CONVERSION = YES;
				CLANG_WARN_CONSTANT_CONVERSION = YES;
				CLANG_WARN_DIRECT_OBJC_ISA_USAGE = YES_ERROR;
				CLANG_WARN_EMPTY_BODY = YES;
				CLANG_WARN_ENUM_CONVERSION = YES;
				CLANG_WARN_INT_CONVERSION = YES;
				CLANG_WARN_OBJC_ROOT_CLASS = YES_ERROR;
				CLANG_WARN_UNREACHABLE_CODE = YES;
				CLANG_WARN__DUPLICATE_METHOD_MATCH = YES;
				COPY_PHASE_STRIP = NO;
				DEBUG_INFORMATION_FORMAT = dwarf;
				ENABLE_STRICT_OBJC_MSGSEND = YES;
				GCC_C_LANGUAGE_STANDARD = gnu99;
				GCC_DYNAMIC_NO_PIC = NO;
				GCC_NO_COMMON_BLOCKS = YES;
				GCC_OPTIMIZATION_LEVEL = 0;
				GCC_PREPROCESSOR_DEFINITIONS = (
					"DEBUG=1",
					"$(inherited)",
				);
				GCC_SYMBOLS_PRIVATE_EXTERN = NO;
				GCC_WARN_64_TO_32_BIT_CONVERSION = YES;
				GCC_WARN_ABOUT_RETURN_TYPE = YES_ERROR;
				GCC_WARN_UNDECLARED_SELECTOR = YES;
				GCC_WARN_UNINITIALIZED_AUTOS = YES_AGGRESSIVE;
				GCC_WARN_UNUSED_FUNCTION = YES;
				GCC_WARN_UNUSED_VARIABLE = YES;
				MACOSX_DEPLOYMENT_TARGET = 10.10;
				MTL_ENABLE_DEBUG_INFO = YES;
				ONLY_ACTIVE_ARCH = YES;
				SDKROOT = macosx;
			};
			name = Debug;
		};
		549D8DB61B78763200F6BDAD /* Release */ = {
			isa = XCBuildConfiguration;
			buildSettings = {
				ALWAYS_SEARCH_USER_PATHS = NO;
				CLANG_CXX_LANGUAGE_STANDARD = "gnu++0x";
				CLANG_CXX_LIBRARY = "libc++";
				CLANG_ENABLE_MODULES = YES;
				CLANG_ENABLE_OBJC_ARC = YES;
				CLANG_WARN_BOOL_CONVERSION = YES;
				CLANG_WARN_CONSTANT_CONVERSION = YES;
				CLANG_WARN_DIRECT_OBJC_ISA_USAGE = YES_ERROR;
				CLANG_WARN_EMPTY_BODY = YES;
				CLANG_WARN_ENUM_CONVERSION = YES;
				CLANG_WARN_INT_CONVERSION = YES;
				CLANG_WARN_OBJC_ROOT_CLASS = YES_ERROR;
				CLANG_WARN_UNREACHABLE_CODE = YES;
				CLANG_WARN__DUPLICATE_METHOD_MATCH = YES;
				COPY_PHASE_STRIP = NO;
				DEBUG_INFORMATION_FORMAT = "dwarf-with-dsym";
				ENABLE_NS_ASSERTIONS = NO;
				ENABLE_STRICT_OBJC_MSGSEND = YES;
				GCC_C_LANGUAGE_STANDARD = gnu99;
				GCC_NO_COMMON_BLOCKS = YES;
				GCC_WARN_64_TO_32_BIT_CONVERSION = YES;
				GCC_WARN_ABOUT_RETURN_TYPE = YES_ERROR;
				GCC_WARN_UNDECLARED_SELECTOR = YES;
				GCC_WARN_UNINITIALIZED_AUTOS = YES_AGGRESSIVE;
				GCC_WARN_UNUSED_FUNCTION = YES;
				GCC_WARN_UNUSED_VARIABLE = YES;
				MACOSX_DEPLOYMENT_TARGET = 10.10;
				MTL_ENABLE_DEBUG_INFO = NO;
				SDKROOT = macosx;
			};
			name = Release;
		};
		549D8DB81B78763200F6BDAD /* Debug */ = {
			isa = XCBuildConfiguration;
			buildSettings = {
				PRODUCT_NAME = "$(TARGET_NAME)";
			};
			name = Debug;
		};
		549D8DB91B78763200F6BDAD /* Release */ = {
			isa = XCBuildConfiguration;
			buildSettings = {
				PRODUCT_NAME = "$(TARGET_NAME)";
			};
			name = Release;
		};
/* End XCBuildConfiguration section */

/* Begin XCConfigurationList section */
		549D8DAB1B78763200F6BDAD /* Build configuration list for PBXProject "BHTest" */ = {
			isa = XCConfigurationList;
			buildConfigurations = (
				549D8DB51B78763200F6BDAD /* Debug */,
				549D8DB61B78763200F6BDAD /* Release */,
			);
			defaultConfigurationIsVisible = 0;
			defaultConfigurationName = Release;
		};
		549D8DB71B78763200F6BDAD /* Build configuration list for PBXNativeTarget "BHTest" */ = {
			isa = XCConfigurationList;
			buildConfigurations = (
				549D8DB81B78763200F6BDAD /* Debug */,
				549D8DB91B78763200F6BDAD /* Release */,
			);
			defaultConfigurationIsVisible = 0;
		};
/* End XCConfigurationList section */
	};
	rootObject = 549D8DA81B78763200F6BDAD /* Project object */;
}
